
Microsoft Visual Studio Solution File, Format Version 12.00
# Visual Studio Version 16
VisualStudioVersion = 16.0.30503.244
MinimumVisualStudioVersion = 10.0.40219.1
Project("{FAE04EC0-301F-11D3-BF4B-00C04F79EFBC}") = "core1", "core1\core1.csproj", "{DD97D592-A00F-4693-97F6-24C2C70D172A}"
EndProject
Global
	GlobalSection(SolutionConfigurationPlatforms) = preSolution
		Debug|Any CPU = Debug|Any CPU
		Release|Any CPU = Release|Any CPU
	EndGlobalSection
	GlobalSection(ProjectConfigurationPlatforms) = postSolution
		{DD97D592-A00F-4693-97F6-24C2C70D172A}.Debug|Any CPU.ActiveCfg = Debug|Any CPU
		{DD97D592-A00F-4693-97F6-24C2C70D172A}.Debug|Any CPU.Build.0 = Debug|Any CPU
		{DD97D592-A00F-4693-97F6-24C2C70D172A}.Release|Any CPU.ActiveCfg = Release|Any CPU
		{DD97D592-A00F-4693-97F6-24C2C70D172A}.Release|Any CPU.Build.0 = Release|Any CPU
	EndGlobalSection
	GlobalSection(SolutionProperties) = preSolution
		HideSolutionNode = FALSE
	EndGlobalSection
	GlobalSection(ExtensibilityGlobals) = postSolution
		SolutionGuid = {09BBA654-26C0-43F3-AC2D-B5D931036687}
	EndGlobalSection
EndGlobal
